lockfileVersion: '9.0'

settings:
  autoInstallPeers: true
  excludeLinksFromLockfile: false

importers:

  .:
    devDependencies:
      homebridge:
        specifier: ^1.8.0
        version: 1.11.3
      typescript:
        specifier: ^5.0.0
        version: 5.9.3

packages:

  '@homebridge/ciao@1.3.5':
    resolution: {integrity: sha512-f7MAw7YuoEYgJEQ1VyRcLHGuVmCpmXi65GVR8CAtPWPqIZf/HFr4vHzVpOfQMpEQw9Pt5uh07guuLt5HE8ruog==}
    hasBin: true

  '@homebridge/dbus-native@0.7.3':
    resolution: {integrity: sha512-21RywQjjJPssTNdz9gZtKquShzlIz8hDQ1SGAYmOWdoRwSsi+znCt10LAjDSXB8AVVMwothTm0KQx2KJSBhLAg==}
    hasBin: true

  '@leichtgewicht/ip-codec@2.0.5':
    resolution: {integrity: sha512-Vo+PSpZG2/fmgmiNzYK9qWRh8h/CHrwD0mo1h1DzL4yzHNSfWYujGTYsWGreD000gcgmZ7K4Ys6Tx9TxtsKdDw==}

  ansi-styles@4.3.0:
    resolution: {integrity: sha512-zbB9rCJAT1rbjiVDb2hqKFHNYLxgtk8NURxZ3IZwD3F6NtxbXZQCnnSi1Lkx+IDohdPlFp222wVALIheZJQSEg==}
    engines: {node: '>=8'}

  bonjour-hap@3.10.0:
    resolution: {integrity: sha512-2/jKd5X4WgvRQXIjwMtc26nT1cuD0DbAwmVJ9vq/IVvWUNxL7Tce3valQUXnkQ0yL38/jSmrXAUL2nPGZB9hGg==}

  buffer-from@1.1.2:
    resolution: {integrity: sha512-E+XQCRwSbaaiChtv6k6Dwgc+bx+Bs6vuKJHHl5kox/BaKbhiXzqQOwK4cO22yElGp2OCmjwVhT3HmxgyPGnJfQ==}

  chalk@4.1.2:
    resolution: {integrity: sha512-oKnbhFyRIXpUuez8iBMmyEa4nbj4IOQyuhc/wy9kY7/WVPcwIO9VA668Pu8RkO7+0G76SLROeyw9CpQ061i4mA==}
    engines: {node: '>=10'}

  color-convert@2.0.1:
    resolution: {integrity: sha512-RRECPsj7iu/xb5oKYcsFHSppFNnsj/52OVTRKb4zP5onXwVF3zVmmToNcOfGC+CRDpfK/U584fMg38ZHCaElKQ==}
    engines: {node: '>=7.0.0'}

  color-name@1.1.4:
    resolution: {integrity: sha512-dOy+3AuW3a2wNbZHIuMZpTcgjGuLU/uBL/ubcZF9OXbDo8ff4O8yVp5Bf0efS8uEoYo5q4Fx7dY9OgQGXgAsQA==}

  commander@13.1.0:
    resolution: {integrity: sha512-/rFeCpNJQbhSZjGVwO9RFV3xPqbnERS8MmIQzCtD/zl6gpJuV/bMLuN92oG3F7d8oDEHHRrujSXNUr8fpjntKw==}
    engines: {node: '>=18'}

  debug@4.4.3:
    resolution: {integrity: sha512-RGwwWnwQvkVfavKVt22FGLw+xYSdzARwm0ru6DhTVA3umU5hZc28V3kO4stgYryrTlLpuvgI9GiijltAjNbcqA==}
    engines: {node: '>=6.0'}
    peerDependencies:
      supports-color: '*'
    peerDependenciesMeta:
      supports-color:
        optional: true

  dns-packet@5.6.1:
    resolution: {integrity: sha512-l4gcSouhcgIKRvyy99RNVOgxXiicE+2jZoNmaNmZ6JXiGajBOJAesk1OBlJuM5k2c+eudGdLxDqXuPCKIj6kpw==}
    engines: {node: '>=6'}

  duplexer@0.1.2:
    resolution: {integrity: sha512-jtD6YG370ZCIi/9GTaJKQxWTZD045+4R4hTk/x1UyoqadyJ9x9CgSi1RlVDQF8U2sxLLSnFkCaMihqljHIWgMg==}

  event-stream@4.0.1:
    resolution: {integrity: sha512-qACXdu/9VHPBzcyhdOWR5/IahhGMf0roTeZJfzz077GwylcDd90yOHLouhmv7GJ5XzPi6ekaQWd8AvPP2nOvpA==}

  fast-deep-equal@3.1.3:
    resolution: {integrity: sha512-f3qQ9oQy9j2AhBe/H9VC91wLmKBCCU/gDOnKNAYG5hswO7BLKj09Hc5HYNz9cGI++xlpDCIgDaitVs03ATR84Q==}

  fast-srp-hap@2.0.4:
    resolution: {integrity: sha512-lHRYYaaIbMrhZtsdGTwPN82UbqD9Bv8QfOlKs+Dz6YRnByZifOh93EYmf2iEWFtkOEIqR2IK8cFD0UN5wLIWBQ==}
    engines: {node: '>=10.17.0'}

  from@0.1.7:
    resolution: {integrity: sha512-twe20eF1OxVxp/ML/kq2p1uc6KvFK/+vs8WjEbeKmV2He22MKm7YF2ANIt+EOqhJ5L3K/SuuPhk0hWQDjOM23g==}

  fs-extra@11.3.4:
    resolution: {integrity: sha512-CTXd6rk/M3/ULNQj8FBqBWHYBVYybQ3VPBw0xGKFe3tuH7ytT6ACnvzpIQ3UZtB8yvUKC2cXn1a+x+5EVQLovA==}
    engines: {node: '>=14.14'}

  futoin-hkdf@1.5.3:
    resolution: {integrity: sha512-SewY5KdMpaoCeh7jachEWFsh1nNlaDjNHZXWqL5IGwtpEYHTgkr2+AMCgNwKWkcc0wpSYrZfR7he4WdmHFtDxQ==}
    engines: {node: '>=8'}

  graceful-fs@4.2.11:
    resolution: {integrity: sha512-RbJ5/jmFcNNCcDV5o9eTnBLJ/HszWV0P73bc+Ff4nS/rJj+YaS6IGyiOL0VoBYX+l1Wrl3k63h/KrH+nhJ0XvQ==}

  hap-nodejs@0.14.2:
    resolution: {integrity: sha512-hjV6WkV8xDQS6khGt2aIRMyt5yp+VHBUwZmPZH+thkBQH41VqDLfxUaGqX4M0yqvKxTpVWSQbSdldBLCCwIztA==}
    engines: {node: ^18 || ^20 || ^22 || ^24}

  has-flag@4.0.0:
    resolution: {integrity: sha512-EykJT/Q1KjTWctppgIAgfSO0tKVuZUjhgMr17kqTumMl6Afv3EISleU7qZUzoXDFTAHTDC4NOoG/ZxU3EvlMPQ==}
    engines: {node: '>=8'}

  hexy@0.3.5:
    resolution: {integrity: sha512-UCP7TIZPXz5kxYJnNOym+9xaenxCLor/JyhKieo8y8/bJWunGh9xbhy3YrgYJUQ87WwfXGm05X330DszOfINZw==}
    engines: {node: '>=10.4'}
    hasBin: true

  homebridge@1.11.3:
    resolution: {integrity: sha512-r6Fy8CVDH2OrhaHjiBMoVTyxvuSaTIVnNRnM7HiFPx5AeWW7Q7hkIwuctz9Ls46iR4+elushD4YoZkvdBUwNgg==}
    engines: {node: ^18.15.0 || ^20.7.0 || ^22 || ^24}
    hasBin: true

  jsonfile@6.2.0:
    resolution: {integrity: sha512-FGuPw30AdOIUTRMC2OMRtQV+jkVj2cfPqSeWXv1NEAJ1qZ5zb1X6z1mFhbfOB/iy3ssJCD+3KuZ8r8C3uVFlAg==}

  long@5.3.2:
    resolution: {integrity: sha512-mNAgZ1GmyNhD7AuqnTG3/VQ26o760+ZYBPKjPvugO8+nLbYfX6TVpJPseBvopbdY+qpZ/lKUnmEc1LeZYS3QAA==}

  map-stream@0.0.7:
    resolution: {integrity: sha512-C0X0KQmGm3N2ftbTGBhSyuydQ+vV1LC3f3zPvT3RXHXNZrvfPZcoXp/N5DOa8vedX/rTMm2CjTtivFg2STJMRQ==}

  minimist@1.2.8:
    resolution: {integrity: sha512-2yyAR8qBkN3YuheJanUpWC5U3bb5osDywNB8RzDVlDwDHbocAJveqqj1u8+SVD7jkWT4yvsHCpWqqWqAxb0zCA==}

  mkdirp@0.5.6:
    resolution: {integrity: sha512-FP+p8RB8OWpF3YZBCrP5gtADmtXApB5AMLn+vdyA+PyxCjrCs00mjyUozssO33cwDeT3wNGdLxJ5M//YqtHAJw==}
    hasBin: true

  ms@2.1.3:
    resolution: {integrity: sha512-6FlzubTLZG3J2a/NVCAleEhjzq5oxgHyaCU9yYXvcLsvoVaHJq/s5xXI6/XXP6tz7R9xAOtHnSO/tXtF3WRTlA==}

  multicast-dns-service-types@1.1.0:
    resolution: {integrity: sha512-cnAsSVxIDsYt0v7HmC0hWZFwwXSh+E6PgCrREDuN/EsjgLwA5XRmlMHhSiDPrt6HxY1gTivEa/Zh7GtODoLevQ==}

  multicast-dns@7.2.5:
    resolution: {integrity: sha512-2eznPJP8z2BFLX50tf0LuODrpINqP1RVIm/CObbTcBRITQgmC/TjcREF1NeTBzIcR5XO/ukWo+YHOjBbFwIupg==}
    hasBin: true

  node-persist@0.0.12:
    resolution: {integrity: sha512-Fbia3FYnURzaql53wLu0t19dmAwQg/tXT6O7YPmdwNwysNKEyFmgoT2BQlPD3XXQnYeiQVNvR5lfvufGwKuxhg==}

  pause-stream@0.0.11:
    resolution: {integrity: sha512-e3FBlXLmN/D1S+zHzanP4E/4Z60oFAa3O051qt1pxa7DEJWKAyil6upYVXCWadEnuoqa4Pkc9oUx9zsxYeRv8A==}

  q@1.1.2:
    resolution: {integrity: sha512-ROtylwux7Vkc4C07oKE/ReigUmb33kVoLtcR4SJ1QVqwaZkBEDL3vX4/kwFzIERQ5PfCl0XafbU8u2YUhyGgVA==}
    engines: {node: '>=0.6.0', teleport: '>=0.2.0'}
    deprecated: |-
      You or someone you depend on is using Q, the JavaScript Promise library that gave JavaScript developers strong feelings about promises. They can almost certainly migrate to the native JavaScript promise now. Thank you literally everyone for joining me in this bet against the odds. Be excellent to each other.

      (For a CapTP with native promises, see @endo/eventual-send and @endo/captp)

  qrcode-terminal@0.12.0:
    resolution: {integrity: sha512-EXtzRZmC+YGmGlDFbXKxQiMZNwCLEO6BANKXG4iCtSIM0yqc/pappSx3RIKr4r0uh5JsBckOXeKrB3Iz7mdQpQ==}
    hasBin: true

  safe-buffer@5.2.1:
    resolution: {integrity: sha512-rp3So07KcdmmKbGvgaNxQSJr7bGVSVk5S9Eq1F+ppbRo70+YeaDxkw5Dd8NPN+GD6bjnYm2VuPuCXmpuYvmCXQ==}

  sax@1.6.0:
    resolution: {integrity: sha512-6R3J5M4AcbtLUdZmRv2SygeVaM7IhrLXu9BmnOGmmACak8fiUtOsYNWUS4uK7upbmHIBbLBeFeI//477BKLBzA==}
    engines: {node: '>=11.0.0'}

  semver@7.7.4:
    resolution: {integrity: sha512-vFKC2IEtQnVhpT78h1Yp8wzwrf8CM+MzKMHGJZfBtzhZNycRFnXsHk6E5TxIkkMsgNS7mdX3AGB7x2QM2di4lA==}
    engines: {node: '>=10'}
    hasBin: true

  source-map-support@0.5.21:
    resolution: {integrity: sha512-uBHU3L3czsIyYXKX88fdrGovxdSCoTGDRZ6SYXtSRxLZUzHg5P/66Ht6uoUlHu9EZod+inXhKo3qQgwXUT/y1w==}

  source-map@0.6.1:
    resolution: {integrity: sha512-UjgapumWlbMhkBgzT7Ykc5YXUT46F0iKu8SGXq0bcwP5dz/h0Plj6enJqjz1Zbq2l5WaqYnrVbwWOWMyF3F47g==}
    engines: {node: '>=0.10.0'}

  split@1.0.1:
    resolution: {integrity: sha512-mTyOoPbrivtXnwnIxZRFYRrPNtEFKlpB2fvjSnCQUiAA6qAZzqwna5envK4uk6OIeP17CsdF3rSBGYVBsU0Tkg==}

  stream-combiner@0.2.2:
    resolution: {integrity: sha512-6yHMqgLYDzQDcAkL+tjJDC5nSNuNIx0vZtRZeiPh7Saef7VHX9H5Ijn9l2VIol2zaNYlYEX6KyuT/237A58qEQ==}

  supports-color@7.2.0:
    resolution: {integrity: sha512-qpCAvRl9stuOHveKsn7HncJRvv501qIacKzQlO/+Lwxc9+0q2wLyv4Dfvt80/DPn2pqOBsJdDiogXGR9+OvwRw==}
    engines: {node: '>=8'}

  through@2.3.8:
    resolution: {integrity: sha512-w89qg7PI8wAdvX60bMDP+bFoD5Dvhm9oLheFp5O4a2QF0cSBGsBX4qZmadPMvVqlLJBBci+WqGGOAPvcDeNSVg==}

  thunky@1.1.0:
    resolution: {integrity: sha512-eHY7nBftgThBqOyHGVN+l8gF0BucP09fMo0oO/Lb0w1OF80dJv+lDVpXG60WMQvkcxAkNybKsrEIE3ZtKGmPrA==}

  tslib@2.8.1:
    resolution: {integrity: sha512-oJFu94HQb+KVduSUQL7wnpmqnfmLsOA/nAh6b6EH0wCEoK0/mPeXU6c3wKDV83MkOuHPRHtSXKKU99IBazS/2w==}

  tweetnacl@1.0.3:
    resolution: {integrity: sha512-6rt+RN7aOi1nGMyC4Xa5DdYiukl2UWCbcJft7YhxReBGQD7OAM8Pbxw6YMo4r2diNEA8FEmu32YOn9rhaiE5yw==}

  typescript@5.9.3:
    resolution: {integrity: sha512-jl1vZzPDinLr9eUt3J/t7V6FgNEw9QjvBPdysz9KfQDD41fQrC2Y4vKQdiaUpFT4bXlb1RHhLpp8wtm6M5TgSw==}
    engines: {node: '>=14.17'}
    hasBin: true

  universalify@2.0.1:
    resolution: {integrity: sha512-gptHNQghINnc/vTGIk0SOFGFNXw7JVrlRUtConJRlvaw6DuX0wO5Jeko9sWrMBhh+PsYAZ7oXAiOnf/UKogyiw==}
    engines: {node: '>= 10.0.0'}

  xml2js@0.6.2:
    resolution: {integrity: sha512-T4rieHaC1EXcES0Kxxj4JWgaUQHDk+qwHcYOCFHfiwKz7tOVPLq7Hjq9dM1WCMhylqMEfP7hMcOIChvotiZegA==}
    engines: {node: '>=4.0.0'}

  xmlbuilder@11.0.1:
    resolution: {integrity: sha512-fDlsI/kFEx7gLvbecc0/ohLG50fugQp8ryHzMTuW9vSa1GJ0XYWKnhsUx7oie3G98+r56aTQIUB4kht42R3JvA==}
    engines: {node: '>=4.0'}

snapshots:

  '@homebridge/ciao@1.3.5':
    dependencies:
      debug: 4.4.3
      fast-deep-equal: 3.1.3
      source-map-support: 0.5.21
      tslib: 2.8.1
    transitivePeerDependencies:
      - supports-color

  '@homebridge/dbus-native@0.7.3':
    dependencies:
      event-stream: 4.0.1
      hexy: 0.3.5
      long: 5.3.2
      minimist: 1.2.8
      safe-buffer: 5.2.1
      xml2js: 0.6.2

  '@leichtgewicht/ip-codec@2.0.5': {}

  ansi-styles@4.3.0:
    dependencies:
      color-convert: 2.0.1

  bonjour-hap@3.10.0:
    dependencies:
      fast-deep-equal: 3.1.3
      multicast-dns: 7.2.5
      multicast-dns-service-types: 1.1.0

  buffer-from@1.1.2: {}

  chalk@4.1.2:
    dependencies:
      ansi-styles: 4.3.0
      supports-color: 7.2.0

  color-convert@2.0.1:
    dependencies:
      color-name: 1.1.4

  color-name@1.1.4: {}

  commander@13.1.0: {}

  debug@4.4.3:
    dependencies:
      ms: 2.1.3

  dns-packet@5.6.1:
    dependencies:
      '@leichtgewicht/ip-codec': 2.0.5

  duplexer@0.1.2: {}

  event-stream@4.0.1:
    dependencies:
      duplexer: 0.1.2
      from: 0.1.7
      map-stream: 0.0.7
      pause-stream: 0.0.11
      split: 1.0.1
      stream-combiner: 0.2.2
      through: 2.3.8

  fast-deep-equal@3.1.3: {}

  fast-srp-hap@2.0.4: {}

  from@0.1.7: {}

  fs-extra@11.3.4:
    dependencies:
      graceful-fs: 4.2.11
      jsonfile: 6.2.0
      universalify: 2.0.1

  futoin-hkdf@1.5.3: {}

  graceful-fs@4.2.11: {}

  hap-nodejs@0.14.2:
    dependencies:
      '@homebridge/ciao': 1.3.5
      '@homebridge/dbus-native': 0.7.3
      bonjour-hap: 3.10.0
      debug: 4.4.3
      fast-srp-hap: 2.0.4
      futoin-hkdf: 1.5.3
      node-persist: 0.0.12
      source-map-support: 0.5.21
      tslib: 2.8.1
      tweetnacl: 1.0.3
    transitivePeerDependencies:
      - supports-color

  has-flag@4.0.0: {}

  hexy@0.3.5: {}

  homebridge@1.11.3:
    dependencies:
      chalk: 4.1.2
      commander: 13.1.0
      fs-extra: 11.3.4
      hap-nodejs: 0.14.2
      qrcode-terminal: 0.12.0
      semver: 7.7.4
      source-map-support: 0.5.21
    transitivePeerDependencies:
      - supports-color

  jsonfile@6.2.0:
    dependencies:
      universalify: 2.0.1
    optionalDependencies:
      graceful-fs: 4.2.11

  long@5.3.2: {}

  map-stream@0.0.7: {}

  minimist@1.2.8: {}

  mkdirp@0.5.6:
    dependencies:
      minimist: 1.2.8

  ms@2.1.3: {}

  multicast-dns-service-types@1.1.0: {}

  multicast-dns@7.2.5:
    dependencies:
      dns-packet: 5.6.1
      thunky: 1.1.0

  node-persist@0.0.12:
    dependencies:
      mkdirp: 0.5.6
      q: 1.1.2

  pause-stream@0.0.11:
    dependencies:
      through: 2.3.8

  q@1.1.2: {}

  qrcode-terminal@0.12.0: {}

  safe-buffer@5.2.1: {}

  sax@1.6.0: {}

  semver@7.7.4: {}

  source-map-support@0.5.21:
    dependencies:
      buffer-from: 1.1.2
      source-map: 0.6.1

  source-map@0.6.1: {}

  split@1.0.1:
    dependencies:
      through: 2.3.8

  stream-combiner@0.2.2:
    dependencies:
      duplexer: 0.1.2
      through: 2.3.8

  supports-color@7.2.0:
    dependencies:
      has-flag: 4.0.0

  through@2.3.8: {}

  thunky@1.1.0: {}

  tslib@2.8.1: {}

  tweetnacl@1.0.3: {}

  typescript@5.9.3: {}

  universalify@2.0.1: {}

  xml2js@0.6.2:
    dependencies:
      sax: 1.6.0
      xmlbuilder: 11.0.1

  xmlbuilder@11.0.1: {}
